
Microsoft Visual Studio Solution File, Format Version 12.00
# Visual Studio Version 16
VisualStudioVersion = 16.0.31911.196
MinimumVisualStudioVersion = 10.0.40219.1
Project("{9A19103F-16F7-4668-BE54-9A1E7A4F7556}") = "PoCApp.Server", "PoCApp\Server\PoCApp.Server.csproj", "{5ADF639F-D340-4BE7-A235-1D8CEF8B5FAA}"
EndProject
Project("{9A19103F-16F7-4668-BE54-9A1E7A4F7556}") = "PoCApp.Client", "PoCApp\Client\PoCApp.Client.csproj", "{5F1A6F14-CB3B-4D42-9622-EF41DB76411D}"
EndProject
Project("{9A19103F-16F7-4668-BE54-9A1E7A4F7556}") = "PoCApp.Shared", "PoCApp\Shared\PoCApp.Shared.csproj", "{107ABF89-BB63-451B-B598-193E3A2B57DD}"
EndProject
Project("{2150E333-8FDC-42A3-9474-1A3956D46DE8}") = "1. Presentation Layer", "1. Presentation Layer", "{7ED006E6-D368-410E-A1FA-727BC615BCAF}"
EndProject
Project("{2150E333-8FDC-42A3-9474-1A3956D46DE8}") = "2. Client", "2. Client", "{8F6A86BB-9F5B-4ACB-AAFB-30DF27AF8871}"
EndProject
Project("{2150E333-8FDC-42A3-9474-1A3956D46DE8}") = "3. Server", "3. Server", "{D8646797-E1A6-4C56-9DDF-7EC19084DE16}"
EndProject
Project("{2150E333-8FDC-42A3-9474-1A3956D46DE8}") = "4. Core", "4. Core", "{2920AB17-0995-4C9C-B5CE-C60BD1683E20}"
EndProject
Project("{2150E333-8FDC-42A3-9474-1A3956D46DE8}") = "5. Business Layer", "5. Business Layer", "{3276666C-ABDF-4661-AA3C-3DECEE66380B}"
EndProject
Project("{2150E333-8FDC-42A3-9474-1A3956D46DE8}") = "6. Resource Access", "6. Resource Access", "{3FDEA731-8692-4B8F-93C2-2A5830E316CE}"
EndProject
Project("{2150E333-8FDC-42A3-9474-1A3956D46DE8}") = "7. Error Logger", "7. Error Logger", "{51C181E1-C59B-4D80-97E4-AF548C671991}"
EndProject
Project("{2150E333-8FDC-42A3-9474-1A3956D46DE8}") = "8. Database", "8. Database", "{B9F0E590-E2E0-4871-8800-D0E5E11E3D5E}"
EndProject
Project("{9A19103F-16F7-4668-BE54-9A1E7A4F7556}") = "PoCApp.Client.Entities", "PoCApp.Client.Entities\PoCApp.Client.Entities.csproj", "{2C55E062-57A6-4204-B543-622EE68D82C0}"
EndProject
Project("{9A19103F-16F7-4668-BE54-9A1E7A4F7556}") = "PoCApp.Client.Contracts", "PoCApp.Client.Contracts\PoCApp.Client.Contracts.csproj", "{6B495832-07FD-4B5F-BE45-57D808F6EA12}"
EndProject
Project("{9A19103F-16F7-4668-BE54-9A1E7A4F7556}") = "PoCApp.Client.Services", "PoCApp.Client.Services\PoCApp.Client.Services.csproj", "{17073F16-1C9A-4F12-9905-09327844B212}"
EndProject
Project("{9A19103F-16F7-4668-BE54-9A1E7A4F7556}") = "Core.Common", "Core.Common\Core.Common.csproj", "{B296A668-BF65-4F99-BCFE-51F10D53473D}"
EndProject
Project("{9A19103F-16F7-4668-BE54-9A1E7A4F7556}") = "Core.Contracts", "Core.Contracts\Core.Contracts.csproj", "{D863085C-5DF3-418D-8284-13E975CE12EF}"
EndProject
Project("{9A19103F-16F7-4668-BE54-9A1E7A4F7556}") = "PoCApp.Business", "PoCApp.Business\PoCApp.Business.csproj", "{D1D3FCF5-6E9C-40BA-896A-9BABD1B7C638}"
EndProject
Project("{9A19103F-16F7-4668-BE54-9A1E7A4F7556}") = "PoCApp.Business.Entities", "PoCApp.Business.Entities\PoCApp.Business.Entities.csproj", "{C45C836E-ED42-42EC-AD67-C2C6E2CC442F}"
EndProject
Project("{9A19103F-16F7-4668-BE54-9A1E7A4F7556}") = "PoCApp.Data", "PoCApp.Data\PoCApp.Data.csproj", "{FD519032-7FD6-4976-B54F-14A4DC05EE7B}"
EndProject
Project("{9A19103F-16F7-4668-BE54-9A1E7A4F7556}") = "PoCApp.Data.Contracts", "PoCApp.Data.Contracts\PoCApp.Data.Contracts.csproj", "{FC333B96-57E0-4AB3-80D9-B885FB35ED01}"
EndProject
Project("{9A19103F-16F7-4668-BE54-9A1E7A4F7556}") = "PoCApp.Data.Mapper", "PoCApp.Data.Mapper\PoCApp.Data.Mapper.csproj", "{4CAF01B9-5B93-4D19-BE71-F1D2C27AAE8A}"
EndProject
Project("{9A19103F-16F7-4668-BE54-9A1E7A4F7556}") = "PoCApp.Data.DbObjects", "PoCApp.Data.DbObjects\PoCApp.Data.DbObjects.csproj", "{8DF1139F-D4D0-4EC0-8170-B60ABAB76533}"
EndProject
Global
	GlobalSection(SolutionConfigurationPlatforms) = preSolution
		Debug|Any CPU = Debug|Any CPU
		Release|Any CPU = Release|Any CPU
	EndGlobalSection
	GlobalSection(ProjectConfigurationPlatforms) = postSolution
		{5ADF639F-D340-4BE7-A235-1D8CEF8B5FAA}.Debug|Any CPU.ActiveCfg = Debug|Any CPU
		{5ADF639F-D340-4BE7-A235-1D8CEF8B5FAA}.Debug|Any CPU.Build.0 = Debug|Any CPU
		{5ADF639F-D340-4BE7-A235-1D8CEF8B5FAA}.Release|Any CPU.ActiveCfg = Release|Any CPU
		{5ADF639F-D340-4BE7-A235-1D8CEF8B5FAA}.Release|Any CPU.Build.0 = Release|Any CPU
		{5F1A6F14-CB3B-4D42-9622-EF41DB76411D}.Debug|Any CPU.ActiveCfg = Debug|Any CPU
		{5F1A6F14-CB3B-4D42-9622-EF41DB76411D}.Debug|Any CPU.Build.0 = Debug|Any CPU
		{5F1A6F14-CB3B-4D42-9622-EF41DB76411D}.Release|Any CPU.ActiveCfg = Release|Any CPU
		{5F1A6F14-CB3B-4D42-9622-EF41DB76411D}.Release|Any CPU.Build.0 = Release|Any CPU
		{107ABF89-BB63-451B-B598-193E3A2B57DD}.Debug|Any CPU.ActiveCfg = Debug|Any CPU
		{107ABF89-BB63-451B-B598-193E3A2B57DD}.Debug|Any CPU.Build.0 = Debug|Any CPU
		{107ABF89-BB63-451B-B598-193E3A2B57DD}.Release|Any CPU.ActiveCfg = Release|Any CPU
		{107ABF89-BB63-451B-B598-193E3A2B57DD}.Release|Any CPU.Build.0 = Release|Any CPU
		{2C55E062-57A6-4204-B543-622EE68D82C0}.Debug|Any CPU.ActiveCfg = Debug|Any CPU
		{2C55E062-57A6-4204-B543-622EE68D82C0}.Debug|Any CPU.Build.0 = Debug|Any CPU
		{2C55E062-57A6-4204-B543-622EE68D82C0}.Release|Any CPU.ActiveCfg = Release|Any CPU
		{2C55E062-57A6-4204-B543-622EE68D82C0}.Release|Any CPU.Build.0 = Release|Any CPU
		{6B495832-07FD-4B5F-BE45-57D808F6EA12}.Debug|Any CPU.ActiveCfg = Debug|Any CPU
		{6B495832-07FD-4B5F-BE45-57D808F6EA12}.Debug|Any CPU.Build.0 = Debug|Any CPU
		{6B495832-07FD-4B5F-BE45-57D808F6EA12}.Release|Any CPU.ActiveCfg = Release|Any CPU
		{6B495832-07FD-4B5F-BE45-57D808F6EA12}.Release|Any CPU.Build.0 = Release|Any CPU
		{17073F16-1C9A-4F12-9905-09327844B212}.Debug|Any CPU.ActiveCfg = Debug|Any CPU
		{17073F16-1C9A-4F12-9905-09327844B212}.Debug|Any CPU.Build.0 = Debug|Any CPU
		{17073F16-1C9A-4F12-9905-09327844B212}.Release|Any CPU.ActiveCfg = Release|Any CPU
		{17073F16-1C9A-4F12-9905-09327844B212}.Release|Any CPU.Build.0 = Release|Any CPU
		{B296A668-BF65-4F99-BCFE-51F10D53473D}.Debug|Any CPU.ActiveCfg = Debug|Any CPU
		{B296A668-BF65-4F99-BCFE-51F10D53473D}.Debug|Any CPU.Build.0 = Debug|Any CPU
		{B296A668-BF65-4F99-BCFE-51F10D53473D}.Release|Any CPU.ActiveCfg = Release|Any CPU
		{B296A668-BF65-4F99-BCFE-51F10D53473D}.Release|Any CPU.Build.0 = Release|Any CPU
		{D863085C-5DF3-418D-8284-13E975CE12EF}.Debug|Any CPU.ActiveCfg = Debug|Any CPU
		{D863085C-5DF3-418D-8284-13E975CE12EF}.Debug|Any CPU.Build.0 = Debug|Any CPU
		{D863085C-5DF3-418D-8284-13E975CE12EF}.Release|Any CPU.ActiveCfg = Release|Any CPU
		{D863085C-5DF3-418D-8284-13E975CE12EF}.Release|Any CPU.Build.0 = Release|Any CPU
		{D1D3FCF5-6E9C-40BA-896A-9BABD1B7C638}.Debug|Any CPU.ActiveCfg = Debug|Any CPU
		{D1D3FCF5-6E9C-40BA-896A-9BABD1B7C638}.Debug|Any CPU.Build.0 = Debug|Any CPU
		{D1D3FCF5-6E9C-40BA-896A-9BABD1B7C638}.Release|Any CPU.ActiveCfg = Release|Any CPU
		{D1D3FCF5-6E9C-40BA-896A-9BABD1B7C638}.Release|Any CPU.Build.0 = Release|Any CPU
		{C45C836E-ED42-42EC-AD67-C2C6E2CC442F}.Debug|Any CPU.ActiveCfg = Debug|Any CPU
		{C45C836E-ED42-42EC-AD67-C2C6E2CC442F}.Debug|Any CPU.Build.0 = Debug|Any CPU
		{C45C836E-ED42-42EC-AD67-C2C6E2CC442F}.Release|Any CPU.ActiveCfg = Release|Any CPU
		{C45C836E-ED42-42EC-AD67-C2C6E2CC442F}.Release|Any CPU.Build.0 = Release|Any CPU
		{FD519032-7FD6-4976-B54F-14A4DC05EE7B}.Debug|Any CPU.ActiveCfg = Debug|Any CPU
		{FD519032-7FD6-4976-B54F-14A4DC05EE7B}.Debug|Any CPU.Build.0 = Debug|Any CPU
		{FD519032-7FD6-4976-B54F-14A4DC05EE7B}.Release|Any CPU.ActiveCfg = Release|Any CPU
		{FD519032-7FD6-4976-B54F-14A4DC05EE7B}.Release|Any CPU.Build.0 = Release|Any CPU
		{FC333B96-57E0-4AB3-80D9-B885FB35ED01}.Debug|Any CPU.ActiveCfg = Debug|Any CPU
		{FC333B96-57E0-4AB3-80D9-B885FB35ED01}.Debug|Any CPU.Build.0 = Debug|Any CPU
		{FC333B96-57E0-4AB3-80D9-B885FB35ED01}.Release|Any CPU.ActiveCfg = Release|Any CPU
		{FC333B96-57E0-4AB3-80D9-B885FB35ED01}.Release|Any CPU.Build.0 = Release|Any CPU
		{4CAF01B9-5B93-4D19-BE71-F1D2C27AAE8A}.Debug|Any CPU.ActiveCfg = Debug|Any CPU
		{4CAF01B9-5B93-4D19-BE71-F1D2C27AAE8A}.Debug|Any CPU.Build.0 = Debug|Any CPU
		{4CAF01B9-5B93-4D19-BE71-F1D2C27AAE8A}.Release|Any CPU.ActiveCfg = Release|Any CPU
		{4CAF01B9-5B93-4D19-BE71-F1D2C27AAE8A}.Release|Any CPU.Build.0 = Release|Any CPU
		{8DF1139F-D4D0-4EC0-8170-B60ABAB76533}.Debug|Any CPU.ActiveCfg = Debug|Any CPU
		{8DF1139F-D4D0-4EC0-8170-B60ABAB76533}.Debug|Any CPU.Build.0 = Debug|Any CPU
		{8DF1139F-D4D0-4EC0-8170-B60ABAB76533}.Release|Any CPU.ActiveCfg = Release|Any CPU
		{8DF1139F-D4D0-4EC0-8170-B60ABAB76533}.Release|Any CPU.Build.0 = Release|Any CPU
	EndGlobalSection
	GlobalSection(SolutionProperties) = preSolution
		HideSolutionNode = FALSE
	EndGlobalSection
	GlobalSection(NestedProjects) = preSolution
		{5ADF639F-D340-4BE7-A235-1D8CEF8B5FAA} = {D8646797-E1A6-4C56-9DDF-7EC19084DE16}
		{5F1A6F14-CB3B-4D42-9622-EF41DB76411D} = {7ED006E6-D368-410E-A1FA-727BC615BCAF}
		{107ABF89-BB63-451B-B598-193E3A2B57DD} = {D8646797-E1A6-4C56-9DDF-7EC19084DE16}
		{2C55E062-57A6-4204-B543-622EE68D82C0} = {8F6A86BB-9F5B-4ACB-AAFB-30DF27AF8871}
		{6B495832-07FD-4B5F-BE45-57D808F6EA12} = {8F6A86BB-9F5B-4ACB-AAFB-30DF27AF8871}
		{17073F16-1C9A-4F12-9905-09327844B212} = {8F6A86BB-9F5B-4ACB-AAFB-30DF27AF8871}
		{B296A668-BF65-4F99-BCFE-51F10D53473D} = {2920AB17-0995-4C9C-B5CE-C60BD1683E20}
		{D863085C-5DF3-418D-8284-13E975CE12EF} = {2920AB17-0995-4C9C-B5CE-C60BD1683E20}
		{D1D3FCF5-6E9C-40BA-896A-9BABD1B7C638} = {3276666C-ABDF-4661-AA3C-3DECEE66380B}
		{C45C836E-ED42-42EC-AD67-C2C6E2CC442F} = {3276666C-ABDF-4661-AA3C-3DECEE66380B}
		{FD519032-7FD6-4976-B54F-14A4DC05EE7B} = {3FDEA731-8692-4B8F-93C2-2A5830E316CE}
		{FC333B96-57E0-4AB3-80D9-B885FB35ED01} = {3FDEA731-8692-4B8F-93C2-2A5830E316CE}
		{4CAF01B9-5B93-4D19-BE71-F1D2C27AAE8A} = {3FDEA731-8692-4B8F-93C2-2A5830E316CE}
		{8DF1139F-D4D0-4EC0-8170-B60ABAB76533} = {3FDEA731-8692-4B8F-93C2-2A5830E316CE}
	EndGlobalSection
	GlobalSection(ExtensibilityGlobals) = postSolution
		SolutionGuid = {E2EDF1DC-3DDC-49C7-85DA-9603A2F77004}
	EndGlobalSection
EndGlobal
